
Microsoft Visual Studio Solution File, Format Version 12.00
# Visual Studio Version 17
VisualStudioVersion = 17.0.31825.309
MinimumVisualStudioVersion = 10.0.40219.1
Project("{FAE04EC0-301F-11D3-BF4B-00C04F79EFBC}") = "DigitalRune.Windows.TextEditor", "Source\Applications\ExpressionEvaluator-App\DigitalRune.Windows.TextEditor\DigitalRune.Windows.TextEditor.csproj", "{2D18BE89-D210-49EB-A9DD-2246FBB3DF6D}"
EndProject
Project("{9A19103F-16F7-4668-BE54-9A1E7A4F7556}") = "Nardole", "Source\Applications\ExpressionEvaluator-App\Nardole.csproj", "{566F58B9-D3F7-4953-B35A-255E26748218}"
EndProject
Project("{2150E333-8FDC-42A3-9474-1A3956D46DE8}") = "Applications", "Applications", "{04BF8670-4337-45F2-8E5A-FE81FC785362}"
EndProject
Project("{9A19103F-16F7-4668-BE54-9A1E7A4F7556}") = "TestApp", "Source\Applications\TestApp\TestApp.csproj", "{8177776E-F51C-4477-AAD3-C2FEA2EB51B4}"
EndProject
Project("{9A19103F-16F7-4668-BE54-9A1E7A4F7556}") = "GeneratorTest", "Source\Applications\GeneratorTest\GeneratorTest.csproj", "{55EEEDA7-C1CC-416A-AD82-6FD001EA97ED}"
EndProject
Project("{9A19103F-16F7-4668-BE54-9A1E7A4F7556}") = "Furesoft.Core", "Source\Furesoft.Core\Furesoft.Core.csproj", "{EED1B74C-65E7-4376-A00A-C3306C07CEDC}"
EndProject
Project("{9A19103F-16F7-4668-BE54-9A1E7A4F7556}") = "NUnit.Tests1", "Source\NUnit.Tests1\NUnit.Tests1.csproj", "{BB88CF18-6922-4AE8-B74A-174D2C8BF920}"
EndProject
Project("{2150E333-8FDC-42A3-9474-1A3956D46DE8}") = "CodeDom", "CodeDom", "{19FB77E0-91F5-436C-99D0-02AEEDF2F690}"
EndProject
Project("{9A19103F-16F7-4668-BE54-9A1E7A4F7556}") = "Furesoft.Core.CodeDom", "Source\Furesoft.CodeDom\Furesoft.Core.CodeDom\Furesoft.Core.CodeDom.csproj", "{F96D4823-1130-4BFB-9AC5-31562361C754}"
EndProject
Project("{9A19103F-16F7-4668-BE54-9A1E7A4F7556}") = "Furesoft.Core.CodeDom.Backends", "Source\Furesoft.CodeDom\Furesoft.Core.CodeDom.Backends\Furesoft.Core.CodeDom.Backends.csproj", "{EB5CC9C8-4A06-48F9-949E-872935057C01}"
EndProject
Project("{9A19103F-16F7-4668-BE54-9A1E7A4F7556}") = "Furesoft.Core.CodeDom.Compiler", "Source\Furesoft.CodeDom\Furesoft.Core.CodeDom.Compiler\Furesoft.Core.CodeDom.Compiler.csproj", "{A767C7AA-634D-452E-A553-2B83AEF06DE7}"
EndProject
Project("{9A19103F-16F7-4668-BE54-9A1E7A4F7556}") = "Furesoft.Core.ExpressionEvaluator", "Source\Furesoft.CodeDom\Furesoft.Core.ExpressionEvaluator\Furesoft.Core.ExpressionEvaluator.csproj", "{3B2B9CC6-BAE7-45DA-9E16-F2DE5D9EE6A4}"
EndProject
Global
	GlobalSection(SolutionConfigurationPlatforms) = preSolution
		Debug|Any CPU = Debug|Any CPU
		Debug|x86 = Debug|x86
		Release|Any CPU = Release|Any CPU
		Release|x86 = Release|x86
	EndGlobalSection
	GlobalSection(ProjectConfigurationPlatforms) = postSolution
		{2D18BE89-D210-49EB-A9DD-2246FBB3DF6D}.Debug|Any CPU.ActiveCfg = Debug|Any CPU
		{2D18BE89-D210-49EB-A9DD-2246FBB3DF6D}.Debug|Any CPU.Build.0 = Debug|Any CPU
		{2D18BE89-D210-49EB-A9DD-2246FBB3DF6D}.Debug|x86.ActiveCfg = Debug|Any CPU
		{2D18BE89-D210-49EB-A9DD-2246FBB3DF6D}.Debug|x86.Build.0 = Debug|Any CPU
		{2D18BE89-D210-49EB-A9DD-2246FBB3DF6D}.Release|Any CPU.ActiveCfg = Release|Any CPU
		{2D18BE89-D210-49EB-A9DD-2246FBB3DF6D}.Release|Any CPU.Build.0 = Release|Any CPU
		{2D18BE89-D210-49EB-A9DD-2246FBB3DF6D}.Release|x86.ActiveCfg = Release|Any CPU
		{2D18BE89-D210-49EB-A9DD-2246FBB3DF6D}.Release|x86.Build.0 = Release|Any CPU
		{566F58B9-D3F7-4953-B35A-255E26748218}.Debug|Any CPU.ActiveCfg = Debug|Any CPU
		{566F58B9-D3F7-4953-B35A-255E26748218}.Debug|Any CPU.Build.0 = Debug|Any CPU
		{566F58B9-D3F7-4953-B35A-255E26748218}.Debug|x86.ActiveCfg = Debug|Any CPU
		{566F58B9-D3F7-4953-B35A-255E26748218}.Debug|x86.Build.0 = Debug|Any CPU
		{566F58B9-D3F7-4953-B35A-255E26748218}.Release|Any CPU.ActiveCfg = Release|Any CPU
		{566F58B9-D3F7-4953-B35A-255E26748218}.Release|Any CPU.Build.0 = Release|Any CPU
		{566F58B9-D3F7-4953-B35A-255E26748218}.Release|x86.ActiveCfg = Release|Any CPU
		{566F58B9-D3F7-4953-B35A-255E26748218}.Release|x86.Build.0 = Release|Any CPU
		{8177776E-F51C-4477-AAD3-C2FEA2EB51B4}.Debug|Any CPU.ActiveCfg = Debug|Any CPU
		{8177776E-F51C-4477-AAD3-C2FEA2EB51B4}.Debug|Any CPU.Build.0 = Debug|Any CPU
		{8177776E-F51C-4477-AAD3-C2FEA2EB51B4}.Debug|x86.ActiveCfg = Debug|Any CPU
		{8177776E-F51C-4477-AAD3-C2FEA2EB51B4}.Debug|x86.Build.0 = Debug|Any CPU
		{8177776E-F51C-4477-AAD3-C2FEA2EB51B4}.Release|Any CPU.ActiveCfg = Release|Any CPU
		{8177776E-F51C-4477-AAD3-C2FEA2EB51B4}.Release|Any CPU.Build.0 = Release|Any CPU
		{8177776E-F51C-4477-AAD3-C2FEA2EB51B4}.Release|x86.ActiveCfg = Release|Any CPU
		{8177776E-F51C-4477-AAD3-C2FEA2EB51B4}.Release|x86.Build.0 = Release|Any CPU
		{55EEEDA7-C1CC-416A-AD82-6FD001EA97ED}.Debug|Any CPU.ActiveCfg = Debug|Any CPU
		{55EEEDA7-C1CC-416A-AD82-6FD001EA97ED}.Debug|Any CPU.Build.0 = Debug|Any CPU
		{55EEEDA7-C1CC-416A-AD82-6FD001EA97ED}.Debug|x86.ActiveCfg = Debug|Any CPU
		{55EEEDA7-C1CC-416A-AD82-6FD001EA97ED}.Debug|x86.Build.0 = Debug|Any CPU
		{55EEEDA7-C1CC-416A-AD82-6FD001EA97ED}.Release|Any CPU.ActiveCfg = Release|Any CPU
		{55EEEDA7-C1CC-416A-AD82-6FD001EA97ED}.Release|Any CPU.Build.0 = Release|Any CPU
		{55EEEDA7-C1CC-416A-AD82-6FD001EA97ED}.Release|x86.ActiveCfg = Release|Any CPU
		{55EEEDA7-C1CC-416A-AD82-6FD001EA97ED}.Release|x86.Build.0 = Release|Any CPU
		{EED1B74C-65E7-4376-A00A-C3306C07CEDC}.Debug|Any CPU.ActiveCfg = Debug|Any CPU
		{EED1B74C-65E7-4376-A00A-C3306C07CEDC}.Debug|Any CPU.Build.0 = Debug|Any CPU
		{EED1B74C-65E7-4376-A00A-C3306C07CEDC}.Debug|x86.ActiveCfg = Debug|Any CPU
		{EED1B74C-65E7-4376-A00A-C3306C07CEDC}.Debug|x86.Build.0 = Debug|Any CPU
		{EED1B74C-65E7-4376-A00A-C3306C07CEDC}.Release|Any CPU.ActiveCfg = Release|Any CPU
		{EED1B74C-65E7-4376-A00A-C3306C07CEDC}.Release|Any CPU.Build.0 = Release|Any CPU
		{EED1B74C-65E7-4376-A00A-C3306C07CEDC}.Release|x86.ActiveCfg = Release|Any CPU
		{EED1B74C-65E7-4376-A00A-C3306C07CEDC}.Release|x86.Build.0 = Release|Any CPU
		{BB88CF18-6922-4AE8-B74A-174D2C8BF920}.Debug|Any CPU.ActiveCfg = Debug|Any CPU
		{BB88CF18-6922-4AE8-B74A-174D2C8BF920}.Debug|Any CPU.Build.0 = Debug|Any CPU
		{BB88CF18-6922-4AE8-B74A-174D2C8BF920}.Debug|x86.ActiveCfg = Debug|Any CPU
		{BB88CF18-6922-4AE8-B74A-174D2C8BF920}.Debug|x86.Build.0 = Debug|Any CPU
		{BB88CF18-6922-4AE8-B74A-174D2C8BF920}.Release|Any CPU.ActiveCfg = Release|Any CPU
		{BB88CF18-6922-4AE8-B74A-174D2C8BF920}.Release|Any CPU.Build.0 = Release|Any CPU
		{BB88CF18-6922-4AE8-B74A-174D2C8BF920}.Release|x86.ActiveCfg = Release|Any CPU
		{BB88CF18-6922-4AE8-B74A-174D2C8BF920}.Release|x86.Build.0 = Release|Any CPU
		{F96D4823-1130-4BFB-9AC5-31562361C754}.Debug|Any CPU.ActiveCfg = Debug|Any CPU
		{F96D4823-1130-4BFB-9AC5-31562361C754}.Debug|Any CPU.Build.0 = Debug|Any CPU
		{F96D4823-1130-4BFB-9AC5-31562361C754}.Debug|x86.ActiveCfg = Debug|Any CPU
		{F96D4823-1130-4BFB-9AC5-31562361C754}.Debug|x86.Build.0 = Debug|Any CPU
		{F96D4823-1130-4BFB-9AC5-31562361C754}.Release|Any CPU.ActiveCfg = Release|Any CPU
		{F96D4823-1130-4BFB-9AC5-31562361C754}.Release|Any CPU.Build.0 = Release|Any CPU
		{F96D4823-1130-4BFB-9AC5-31562361C754}.Release|x86.ActiveCfg = Release|Any CPU
		{F96D4823-1130-4BFB-9AC5-31562361C754}.Release|x86.Build.0 = Release|Any CPU
		{EB5CC9C8-4A06-48F9-949E-872935057C01}.Debug|Any CPU.ActiveCfg = Debug|Any CPU
		{EB5CC9C8-4A06-48F9-949E-872935057C01}.Debug|Any CPU.Build.0 = Debug|Any CPU
		{EB5CC9C8-4A06-48F9-949E-872935057C01}.Debug|x86.ActiveCfg = Debug|Any CPU
		{EB5CC9C8-4A06-48F9-949E-872935057C01}.Debug|x86.Build.0 = Debug|Any CPU
		{EB5CC9C8-4A06-48F9-949E-872935057C01}.Release|Any CPU.ActiveCfg = Release|Any CPU
		{EB5CC9C8-4A06-48F9-949E-872935057C01}.Release|Any CPU.Build.0 = Release|Any CPU
		{EB5CC9C8-4A06-48F9-949E-872935057C01}.Release|x86.ActiveCfg = Release|Any CPU
		{EB5CC9C8-4A06-48F9-949E-872935057C01}.Release|x86.Build.0 = Release|Any CPU
		{A767C7AA-634D-452E-A553-2B83AEF06DE7}.Debug|Any CPU.ActiveCfg = Debug|Any CPU
		{A767C7AA-634D-452E-A553-2B83AEF06DE7}.Debug|Any CPU.Build.0 = Debug|Any CPU
		{A767C7AA-634D-452E-A553-2B83AEF06DE7}.Debug|x86.ActiveCfg = Debug|Any CPU
		{A767C7AA-634D-452E-A553-2B83AEF06DE7}.Debug|x86.Build.0 = Debug|Any CPU
		{A767C7AA-634D-452E-A553-2B83AEF06DE7}.Release|Any CPU.ActiveCfg = Release|Any CPU
		{A767C7AA-634D-452E-A553-2B83AEF06DE7}.Release|Any CPU.Build.0 = Release|Any CPU
		{A767C7AA-634D-452E-A553-2B83AEF06DE7}.Release|x86.ActiveCfg = Release|Any CPU
		{A767C7AA-634D-452E-A553-2B83AEF06DE7}.Release|x86.Build.0 = Release|Any CPU
		{3B2B9CC6-BAE7-45DA-9E16-F2DE5D9EE6A4}.Debug|Any CPU.ActiveCfg = Debug|Any CPU
		{3B2B9CC6-BAE7-45DA-9E16-F2DE5D9EE6A4}.Debug|Any CPU.Build.0 = Debug|Any CPU
		{3B2B9CC6-BAE7-45DA-9E16-F2DE5D9EE6A4}.Debug|x86.ActiveCfg = Debug|Any CPU
		{3B2B9CC6-BAE7-45DA-9E16-F2DE5D9EE6A4}.Debug|x86.Build.0 = Debug|Any CPU
		{3B2B9CC6-BAE7-45DA-9E16-F2DE5D9EE6A4}.Release|Any CPU.ActiveCfg = Release|Any CPU
		{3B2B9CC6-BAE7-45DA-9E16-F2DE5D9EE6A4}.Release|Any CPU.Build.0 = Release|Any CPU
		{3B2B9CC6-BAE7-45DA-9E16-F2DE5D9EE6A4}.Release|x86.ActiveCfg = Release|Any CPU
		{3B2B9CC6-BAE7-45DA-9E16-F2DE5D9EE6A4}.Release|x86.Build.0 = Release|Any CPU
	EndGlobalSection
	GlobalSection(SolutionProperties) = preSolution
		HideSolutionNode = FALSE
	EndGlobalSection
	GlobalSection(NestedProjects) = preSolution
		{2D18BE89-D210-49EB-A9DD-2246FBB3DF6D} = {04BF8670-4337-45F2-8E5A-FE81FC785362}
		{566F58B9-D3F7-4953-B35A-255E26748218} = {04BF8670-4337-45F2-8E5A-FE81FC785362}
		{8177776E-F51C-4477-AAD3-C2FEA2EB51B4} = {04BF8670-4337-45F2-8E5A-FE81FC785362}
		{55EEEDA7-C1CC-416A-AD82-6FD001EA97ED} = {04BF8670-4337-45F2-8E5A-FE81FC785362}
		{F96D4823-1130-4BFB-9AC5-31562361C754} = {19FB77E0-91F5-436C-99D0-02AEEDF2F690}
		{EB5CC9C8-4A06-48F9-949E-872935057C01} = {19FB77E0-91F5-436C-99D0-02AEEDF2F690}
		{A767C7AA-634D-452E-A553-2B83AEF06DE7} = {19FB77E0-91F5-436C-99D0-02AEEDF2F690}
	EndGlobalSection
	GlobalSection(ExtensibilityGlobals) = postSolution
		SolutionGuid = {2C228B53-9468-441E-B21D-406B49105C7D}
	EndGlobalSection
EndGlobal
