
Microsoft Visual Studio Solution File, Format Version 12.00
# Visual Studio Version 17
VisualStudioVersion = 17.0.31825.309
MinimumVisualStudioVersion = 10.0.40219.1
Project("{9A19103F-16F7-4668-BE54-9A1E7A4F7556}") = "Furesoft.Core", "Furesoft.Core\Furesoft.Core.csproj", "{473EA5BF-141E-4E81-AD99-8BFE310D1750}"
EndProject
Project("{9A19103F-16F7-4668-BE54-9A1E7A4F7556}") = "TestApp", "TestApp\TestApp.csproj", "{55CF45A2-FEAE-4316-AADA-A321C1753DB6}"
EndProject
Project("{2150E333-8FDC-42A3-9474-1A3956D46DE8}") = "Solution Items", "Solution Items", "{A16AD536-AC93-4529-9B25-EA52CF9CA2CB}"
	ProjectSection(SolutionItems) = preProject
		ToDo.txt = ToDo.txt
	EndProjectSection
EndProject
Project("{9A19103F-16F7-4668-BE54-9A1E7A4F7556}") = "Furesoft.Core.CodeDom", "Furesoft.Core.CodeDom\Furesoft.Core.CodeDom.csproj", "{EFBC57B2-8CB0-46ED-A28A-291C76D1E811}"
EndProject
Project("{9A19103F-16F7-4668-BE54-9A1E7A4F7556}") = "Furesoft.Core.CodeDom.Backends", "Furesoft.Core.CodeDom.Backends\Furesoft.Core.CodeDom.Backends.csproj", "{12495E9D-8DF3-4B75-BEBA-445837C2B8A2}"
EndProject
Project("{9A19103F-16F7-4668-BE54-9A1E7A4F7556}") = "NUnit.Tests1", "NUnit.Tests1\NUnit.Tests1.csproj", "{8EDF4429-251A-416D-BB68-93F227191BCF}"
EndProject
Project("{9A19103F-16F7-4668-BE54-9A1E7A4F7556}") = "Furesoft.Core.ExpressionEvaluator", "Furesoft.Core.ExpressionEvaluator\Furesoft.Core.ExpressionEvaluator.csproj", "{B6FC88D2-570E-4099-B3D2-525A8AAD8D2E}"
EndProject
Project("{9A19103F-16F7-4668-BE54-9A1E7A4F7556}") = "Nardole", "ExpressionEvaluator-App\Nardole.csproj", "{DDE4A64E-747D-48DE-A0CB-E18749DBB461}"
EndProject
Project("{FAE04EC0-301F-11D3-BF4B-00C04F79EFBC}") = "DigitalRune.Windows.TextEditor", "ExpressionEvaluator-App\DigitalRune.Windows.TextEditor\DigitalRune.Windows.TextEditor.csproj", "{2D18BE89-D210-49EB-A9DD-2246FBB3DF6D}"
EndProject
Project("{9A19103F-16F7-4668-BE54-9A1E7A4F7556}") = "Furesoft.CodeDom.Generator", "Furesoft.CodeDom.Generator\Furesoft.CodeDom.Generator.csproj", "{394ABC09-DB1F-4EDF-A623-CBD5BA2A7A7A}"
EndProject
Project("{9A19103F-16F7-4668-BE54-9A1E7A4F7556}") = "GeneratorTest", "GeneratorTest\GeneratorTest.csproj", "{EF9E194C-9B3A-4E90-8A93-747098E36A2B}"
EndProject
Project("{FAE04EC0-301F-11D3-BF4B-00C04F79EFBC}") = "Furesoft.Core.CodeDom.Compiler", "Furesoft.Core.CodeDom.Compiler\Furesoft.Core.CodeDom.Compiler.csproj", "{61637205-1E90-485B-BAAB-2FA3698A627E}"
EndProject
Global
	GlobalSection(SolutionConfigurationPlatforms) = preSolution
		Debug|Any CPU = Debug|Any CPU
		Release|Any CPU = Release|Any CPU
	EndGlobalSection
	GlobalSection(ProjectConfigurationPlatforms) = postSolution
		{473EA5BF-141E-4E81-AD99-8BFE310D1750}.Debug|Any CPU.ActiveCfg = Debug|Any CPU
		{473EA5BF-141E-4E81-AD99-8BFE310D1750}.Debug|Any CPU.Build.0 = Debug|Any CPU
		{473EA5BF-141E-4E81-AD99-8BFE310D1750}.Release|Any CPU.ActiveCfg = Release|Any CPU
		{473EA5BF-141E-4E81-AD99-8BFE310D1750}.Release|Any CPU.Build.0 = Release|Any CPU
		{55CF45A2-FEAE-4316-AADA-A321C1753DB6}.Debug|Any CPU.ActiveCfg = Debug|Any CPU
		{55CF45A2-FEAE-4316-AADA-A321C1753DB6}.Debug|Any CPU.Build.0 = Debug|Any CPU
		{55CF45A2-FEAE-4316-AADA-A321C1753DB6}.Release|Any CPU.ActiveCfg = Release|Any CPU
		{55CF45A2-FEAE-4316-AADA-A321C1753DB6}.Release|Any CPU.Build.0 = Release|Any CPU
		{EFBC57B2-8CB0-46ED-A28A-291C76D1E811}.Debug|Any CPU.ActiveCfg = Debug|Any CPU
		{EFBC57B2-8CB0-46ED-A28A-291C76D1E811}.Debug|Any CPU.Build.0 = Debug|Any CPU
		{EFBC57B2-8CB0-46ED-A28A-291C76D1E811}.Release|Any CPU.ActiveCfg = Release|Any CPU
		{EFBC57B2-8CB0-46ED-A28A-291C76D1E811}.Release|Any CPU.Build.0 = Release|Any CPU
		{12495E9D-8DF3-4B75-BEBA-445837C2B8A2}.Debug|Any CPU.ActiveCfg = Debug|Any CPU
		{12495E9D-8DF3-4B75-BEBA-445837C2B8A2}.Debug|Any CPU.Build.0 = Debug|Any CPU
		{12495E9D-8DF3-4B75-BEBA-445837C2B8A2}.Release|Any CPU.ActiveCfg = Release|Any CPU
		{12495E9D-8DF3-4B75-BEBA-445837C2B8A2}.Release|Any CPU.Build.0 = Release|Any CPU
		{8EDF4429-251A-416D-BB68-93F227191BCF}.Debug|Any CPU.ActiveCfg = Debug|Any CPU
		{8EDF4429-251A-416D-BB68-93F227191BCF}.Debug|Any CPU.Build.0 = Debug|Any CPU
		{8EDF4429-251A-416D-BB68-93F227191BCF}.Release|Any CPU.ActiveCfg = Release|Any CPU
		{8EDF4429-251A-416D-BB68-93F227191BCF}.Release|Any CPU.Build.0 = Release|Any CPU
		{B6FC88D2-570E-4099-B3D2-525A8AAD8D2E}.Debug|Any CPU.ActiveCfg = Debug|Any CPU
		{B6FC88D2-570E-4099-B3D2-525A8AAD8D2E}.Debug|Any CPU.Build.0 = Debug|Any CPU
		{B6FC88D2-570E-4099-B3D2-525A8AAD8D2E}.Release|Any CPU.ActiveCfg = Release|Any CPU
		{B6FC88D2-570E-4099-B3D2-525A8AAD8D2E}.Release|Any CPU.Build.0 = Release|Any CPU
		{DDE4A64E-747D-48DE-A0CB-E18749DBB461}.Debug|Any CPU.ActiveCfg = Debug|Any CPU
		{DDE4A64E-747D-48DE-A0CB-E18749DBB461}.Debug|Any CPU.Build.0 = Debug|Any CPU
		{DDE4A64E-747D-48DE-A0CB-E18749DBB461}.Release|Any CPU.ActiveCfg = Release|Any CPU
		{DDE4A64E-747D-48DE-A0CB-E18749DBB461}.Release|Any CPU.Build.0 = Release|Any CPU
		{2D18BE89-D210-49EB-A9DD-2246FBB3DF6D}.Debug|Any CPU.ActiveCfg = Debug|Any CPU
		{2D18BE89-D210-49EB-A9DD-2246FBB3DF6D}.Debug|Any CPU.Build.0 = Debug|Any CPU
		{2D18BE89-D210-49EB-A9DD-2246FBB3DF6D}.Release|Any CPU.ActiveCfg = Release|Any CPU
		{2D18BE89-D210-49EB-A9DD-2246FBB3DF6D}.Release|Any CPU.Build.0 = Release|Any CPU
		{394ABC09-DB1F-4EDF-A623-CBD5BA2A7A7A}.Debug|Any CPU.ActiveCfg = Debug|Any CPU
		{394ABC09-DB1F-4EDF-A623-CBD5BA2A7A7A}.Debug|Any CPU.Build.0 = Debug|Any CPU
		{394ABC09-DB1F-4EDF-A623-CBD5BA2A7A7A}.Release|Any CPU.ActiveCfg = Release|Any CPU
		{394ABC09-DB1F-4EDF-A623-CBD5BA2A7A7A}.Release|Any CPU.Build.0 = Release|Any CPU
		{EF9E194C-9B3A-4E90-8A93-747098E36A2B}.Debug|Any CPU.ActiveCfg = Debug|Any CPU
		{EF9E194C-9B3A-4E90-8A93-747098E36A2B}.Debug|Any CPU.Build.0 = Debug|Any CPU
		{EF9E194C-9B3A-4E90-8A93-747098E36A2B}.Release|Any CPU.ActiveCfg = Release|Any CPU
		{EF9E194C-9B3A-4E90-8A93-747098E36A2B}.Release|Any CPU.Build.0 = Release|Any CPU
		{61637205-1E90-485B-BAAB-2FA3698A627E}.Debug|Any CPU.ActiveCfg = Debug|Any CPU
		{61637205-1E90-485B-BAAB-2FA3698A627E}.Debug|Any CPU.Build.0 = Debug|Any CPU
		{61637205-1E90-485B-BAAB-2FA3698A627E}.Release|Any CPU.ActiveCfg = Release|Any CPU
		{61637205-1E90-485B-BAAB-2FA3698A627E}.Release|Any CPU.Build.0 = Release|Any CPU
	EndGlobalSection
	GlobalSection(SolutionProperties) = preSolution
		HideSolutionNode = FALSE
	EndGlobalSection
	GlobalSection(ExtensibilityGlobals) = postSolution
		SolutionGuid = {2C228B53-9468-441E-B21D-406B49105C7D}
	EndGlobalSection
EndGlobal
